
Microsoft Visual Studio Solution File, Format Version 12.00
# Visual Studio 15
VisualStudioVersion = 15.0.28307.168
MinimumVisualStudioVersion = 10.0.40219.1
Project("{FAE04EC0-301F-11D3-BF4B-00C04F79EFBC}") = "CSD3354-2-Assignment-2", "CSD3354-2-Assignment-2\CSD3354-2-Assignment-2.csproj", "{8518DD20-1421-43C8-88C6-DF49EFFE302A}"
EndProject
Global
	GlobalSection(SolutionConfigurationPlatforms) = preSolution
		Debug|Any CPU = Debug|Any CPU
		Release|Any CPU = Release|Any CPU
	EndGlobalSection
	GlobalSection(ProjectConfigurationPlatforms) = postSolution
		{8518DD20-1421-43C8-88C6-DF49EFFE302A}.Debug|Any CPU.ActiveCfg = Debug|Any CPU
		{8518DD20-1421-43C8-88C6-DF49EFFE302A}.Debug|Any CPU.Build.0 = Debug|Any CPU
		{8518DD20-1421-43C8-88C6-DF49EFFE302A}.Release|Any CPU.ActiveCfg = Release|Any CPU
		{8518DD20-1421-43C8-88C6-DF49EFFE302A}.Release|Any CPU.Build.0 = Release|Any CPU
	EndGlobalSection
	GlobalSection(SolutionProperties) = preSolution
		HideSolutionNode = FALSE
	EndGlobalSection
	GlobalSection(ExtensibilityGlobals) = postSolution
		SolutionGuid = {E277EA9E-F6D5-41C5-B07A-769E2E377934}
	EndGlobalSection
EndGlobal
